
Microsoft Visual Studio Solution File, Format Version 12.00
# Visual Studio Version 17
VisualStudioVersion = 17.3.32929.385
MinimumVisualStudioVersion = 10.0.40219.1
Project("{9A19103F-16F7-4668-BE54-9A1E7A4F7556}") = "RestauranteDB.Domain", "ProyectoCSIntITLA\RestauranteDB.Domain.csproj", "{5DBD6046-BAE9-495B-8981-049B6E92B384}"
EndProject
Project("{FAE04EC0-301F-11D3-BF4B-00C04F79EFBC}") = "RestauranteDB.Infraestructure", "RestauranteDB.Infraestructure\RestauranteDB.Infraestructure.csproj", "{BE992A0B-8CF4-43D4-BE9C-D427908E1A8D}"
EndProject
Global
	GlobalSection(SolutionConfigurationPlatforms) = preSolution
		Debug|Any CPU = Debug|Any CPU
		Release|Any CPU = Release|Any CPU
	EndGlobalSection
	GlobalSection(ProjectConfigurationPlatforms) = postSolution
		{5DBD6046-BAE9-495B-8981-049B6E92B384}.Debug|Any CPU.ActiveCfg = Debug|Any CPU
		{5DBD6046-BAE9-495B-8981-049B6E92B384}.Debug|Any CPU.Build.0 = Debug|Any CPU
		{5DBD6046-BAE9-495B-8981-049B6E92B384}.Release|Any CPU.ActiveCfg = Release|Any CPU
		{5DBD6046-BAE9-495B-8981-049B6E92B384}.Release|Any CPU.Build.0 = Release|Any CPU
		{BE992A0B-8CF4-43D4-BE9C-D427908E1A8D}.Debug|Any CPU.ActiveCfg = Debug|Any CPU
		{BE992A0B-8CF4-43D4-BE9C-D427908E1A8D}.Debug|Any CPU.Build.0 = Debug|Any CPU
		{BE992A0B-8CF4-43D4-BE9C-D427908E1A8D}.Release|Any CPU.ActiveCfg = Release|Any CPU
		{BE992A0B-8CF4-43D4-BE9C-D427908E1A8D}.Release|Any CPU.Build.0 = Release|Any CPU
	EndGlobalSection
	GlobalSection(SolutionProperties) = preSolution
		HideSolutionNode = FALSE
	EndGlobalSection
	GlobalSection(ExtensibilityGlobals) = postSolution
		SolutionGuid = {D444EDBE-D252-41E9-BF97-6D17189D33C0}
	EndGlobalSection
EndGlobal
